
Microsoft Visual Studio Solution File, Format Version 12.00
# Visual Studio 14
VisualStudioVersion = 14.0.24720.0
MinimumVisualStudioVersion = 10.0.40219.1
Project("{8BC9CEB8-8B4A-11D0-8D11-00A0C91BC942}") = "SkyOn", "SkyOn.vcxproj", "{3BFBFF9E-E415-447A-BE0C-3F144F5FA2B7}"
EndProject
Project("{8BC9CEB8-8B4A-11D0-8D11-00A0C91BC942}") = "SkyOn Server", "SkyOn Server\SkyOn Server\SkyOn Server.vcxproj", "{585C4CF0-666A-4AE9-87E6-C347F63154C8}"
EndProject
Project("{8BC9CEB8-8B4A-11D0-8D11-00A0C91BC942}") = "SkyOn Data", "SkyOn Data\SkyOn Data.vcxitems", "{45D41ACC-2C3C-43D2-BC10-02AA73FFC7C7}"
EndProject
Global
	GlobalSection(SharedMSBuildProjectFiles) = preSolution
		SkyOn Data\SkyOn Data.vcxitems*{3bfbff9e-e415-447a-be0c-3f144f5fa2b7}*SharedItemsImports = 4
		SkyOn Data\SkyOn Data.vcxitems*{585c4cf0-666a-4ae9-87e6-c347f63154c8}*SharedItemsImports = 4
		SkyOn Data\SkyOn Data.vcxitems*{45d41acc-2c3c-43d2-bc10-02aa73ffc7c7}*SharedItemsImports = 9
	EndGlobalSection
	GlobalSection(SolutionConfigurationPlatforms) = preSolution
		Debug|Win32 = Debug|Win32
		Debug|x64 = Debug|x64
		Debug|x86 = Debug|x86
		DebugDLL|Win32 = DebugDLL|Win32
		DebugDLL|x64 = DebugDLL|x64
		DebugDLL|x86 = DebugDLL|x86
		DebugLIB|Win32 = DebugLIB|Win32
		DebugLIB|x64 = DebugLIB|x64
		DebugLIB|x86 = DebugLIB|x86
		DebugLTCG|Win32 = DebugLTCG|Win32
		DebugLTCG|x64 = DebugLTCG|x64
		DebugLTCG|x86 = DebugLTCG|x86
		main|Win32 = main|Win32
		main|x64 = main|x64
		main|x86 = main|x86
		Release|Win32 = Release|Win32
		Release|x64 = Release|x64
		Release|x86 = Release|x86
		ReleaseDLL|Win32 = ReleaseDLL|Win32
		ReleaseDLL|x64 = ReleaseDLL|x64
		ReleaseDLL|x86 = ReleaseDLL|x86
		ReleaseLIB|Win32 = ReleaseLIB|Win32
		ReleaseLIB|x64 = ReleaseLIB|x64
		ReleaseLIB|x86 = ReleaseLIB|x86
		ReleaseLTCG|Win32 = ReleaseLTCG|Win32
		ReleaseLTCG|x64 = ReleaseLTCG|x64
		ReleaseLTCG|x86 = ReleaseLTCG|x86
		WithOpenPGM|Win32 = WithOpenPGM|Win32
		WithOpenPGM|x64 = WithOpenPGM|x64
		WithOpenPGM|x86 = WithOpenPGM|x86
	EndGlobalSection
	GlobalSection(ProjectConfigurationPlatforms) = postSolution
		{3BFBFF9E-E415-447A-BE0C-3F144F5FA2B7}.Debug|Win32.ActiveCfg = main|Win32
		{3BFBFF9E-E415-447A-BE0C-3F144F5FA2B7}.Debug|Win32.Build.0 = main|Win32
		{3BFBFF9E-E415-447A-BE0C-3F144F5FA2B7}.Debug|x64.ActiveCfg = main|Win32
		{3BFBFF9E-E415-447A-BE0C-3F144F5FA2B7}.Debug|x64.Build.0 = main|Win32
		{3BFBFF9E-E415-447A-BE0C-3F144F5FA2B7}.Debug|x86.ActiveCfg = main|Win32
		{3BFBFF9E-E415-447A-BE0C-3F144F5FA2B7}.Debug|x86.Build.0 = main|Win32
		{3BFBFF9E-E415-447A-BE0C-3F144F5FA2B7}.DebugDLL|Win32.ActiveCfg = main|Win32
		{3BFBFF9E-E415-447A-BE0C-3F144F5FA2B7}.DebugDLL|Win32.Build.0 = main|Win32
		{3BFBFF9E-E415-447A-BE0C-3F144F5FA2B7}.DebugDLL|x64.ActiveCfg = main|Win32
		{3BFBFF9E-E415-447A-BE0C-3F144F5FA2B7}.DebugDLL|x86.ActiveCfg = main|Win32
		{3BFBFF9E-E415-447A-BE0C-3F144F5FA2B7}.DebugDLL|x86.Build.0 = main|Win32
		{3BFBFF9E-E415-447A-BE0C-3F144F5FA2B7}.DebugLIB|Win32.ActiveCfg = main|Win32
		{3BFBFF9E-E415-447A-BE0C-3F144F5FA2B7}.DebugLIB|Win32.Build.0 = main|Win32
		{3BFBFF9E-E415-447A-BE0C-3F144F5FA2B7}.DebugLIB|x64.ActiveCfg = main|Win32
		{3BFBFF9E-E415-447A-BE0C-3F144F5FA2B7}.DebugLIB|x86.ActiveCfg = main|Win32
		{3BFBFF9E-E415-447A-BE0C-3F144F5FA2B7}.DebugLIB|x86.Build.0 = main|Win32
		{3BFBFF9E-E415-447A-BE0C-3F144F5FA2B7}.DebugLTCG|Win32.ActiveCfg = main|Win32
		{3BFBFF9E-E415-447A-BE0C-3F144F5FA2B7}.DebugLTCG|Win32.Build.0 = main|Win32
		{3BFBFF9E-E415-447A-BE0C-3F144F5FA2B7}.DebugLTCG|x64.ActiveCfg = main|Win32
		{3BFBFF9E-E415-447A-BE0C-3F144F5FA2B7}.DebugLTCG|x86.ActiveCfg = main|Win32
		{3BFBFF9E-E415-447A-BE0C-3F144F5FA2B7}.DebugLTCG|x86.Build.0 = main|Win32
		{3BFBFF9E-E415-447A-BE0C-3F144F5FA2B7}.main|Win32.ActiveCfg = main|Win32
		{3BFBFF9E-E415-447A-BE0C-3F144F5FA2B7}.main|Win32.Build.0 = main|Win32
		{3BFBFF9E-E415-447A-BE0C-3F144F5FA2B7}.main|x64.ActiveCfg = main|Win32
		{3BFBFF9E-E415-447A-BE0C-3F144F5FA2B7}.main|x86.ActiveCfg = main|Win32
		{3BFBFF9E-E415-447A-BE0C-3F144F5FA2B7}.main|x86.Build.0 = main|Win32
		{3BFBFF9E-E415-447A-BE0C-3F144F5FA2B7}.Release|Win32.ActiveCfg = main|Win32
		{3BFBFF9E-E415-447A-BE0C-3F144F5FA2B7}.Release|Win32.Build.0 = main|Win32
		{3BFBFF9E-E415-447A-BE0C-3F144F5FA2B7}.Release|x64.ActiveCfg = main|Win32
		{3BFBFF9E-E415-447A-BE0C-3F144F5FA2B7}.Release|x64.Build.0 = main|Win32
		{3BFBFF9E-E415-447A-BE0C-3F144F5FA2B7}.Release|x86.ActiveCfg = main|Win32
		{3BFBFF9E-E415-447A-BE0C-3F144F5FA2B7}.Release|x86.Build.0 = main|Win32
		{3BFBFF9E-E415-447A-BE0C-3F144F5FA2B7}.ReleaseDLL|Win32.ActiveCfg = main|Win32
		{3BFBFF9E-E415-447A-BE0C-3F144F5FA2B7}.ReleaseDLL|Win32.Build.0 = main|Win32
		{3BFBFF9E-E415-447A-BE0C-3F144F5FA2B7}.ReleaseDLL|x64.ActiveCfg = main|Win32
		{3BFBFF9E-E415-447A-BE0C-3F144F5FA2B7}.ReleaseDLL|x86.ActiveCfg = main|Win32
		{3BFBFF9E-E415-447A-BE0C-3F144F5FA2B7}.ReleaseDLL|x86.Build.0 = main|Win32
		{3BFBFF9E-E415-447A-BE0C-3F144F5FA2B7}.ReleaseLIB|Win32.ActiveCfg = main|Win32
		{3BFBFF9E-E415-447A-BE0C-3F144F5FA2B7}.ReleaseLIB|Win32.Build.0 = main|Win32
		{3BFBFF9E-E415-447A-BE0C-3F144F5FA2B7}.ReleaseLIB|x64.ActiveCfg = main|Win32
		{3BFBFF9E-E415-447A-BE0C-3F144F5FA2B7}.ReleaseLIB|x86.ActiveCfg = main|Win32
		{3BFBFF9E-E415-447A-BE0C-3F144F5FA2B7}.ReleaseLIB|x86.Build.0 = main|Win32
		{3BFBFF9E-E415-447A-BE0C-3F144F5FA2B7}.ReleaseLTCG|Win32.ActiveCfg = main|Win32
		{3BFBFF9E-E415-447A-BE0C-3F144F5FA2B7}.ReleaseLTCG|Win32.Build.0 = main|Win32
		{3BFBFF9E-E415-447A-BE0C-3F144F5FA2B7}.ReleaseLTCG|x64.ActiveCfg = main|Win32
		{3BFBFF9E-E415-447A-BE0C-3F144F5FA2B7}.ReleaseLTCG|x86.ActiveCfg = main|Win32
		{3BFBFF9E-E415-447A-BE0C-3F144F5FA2B7}.ReleaseLTCG|x86.Build.0 = main|Win32
		{3BFBFF9E-E415-447A-BE0C-3F144F5FA2B7}.WithOpenPGM|Win32.ActiveCfg = main|Win32
		{3BFBFF9E-E415-447A-BE0C-3F144F5FA2B7}.WithOpenPGM|Win32.Build.0 = main|Win32
		{3BFBFF9E-E415-447A-BE0C-3F144F5FA2B7}.WithOpenPGM|x64.ActiveCfg = main|Win32
		{3BFBFF9E-E415-447A-BE0C-3F144F5FA2B7}.WithOpenPGM|x64.Build.0 = main|Win32
		{3BFBFF9E-E415-447A-BE0C-3F144F5FA2B7}.WithOpenPGM|x86.ActiveCfg = main|Win32
		{3BFBFF9E-E415-447A-BE0C-3F144F5FA2B7}.WithOpenPGM|x86.Build.0 = main|Win32
		{585C4CF0-666A-4AE9-87E6-C347F63154C8}.Debug|Win32.ActiveCfg = Debug|Win32
		{585C4CF0-666A-4AE9-87E6-C347F63154C8}.Debug|Win32.Build.0 = Debug|Win32
		{585C4CF0-666A-4AE9-87E6-C347F63154C8}.Debug|x64.ActiveCfg = Debug|x64
		{585C4CF0-666A-4AE9-87E6-C347F63154C8}.Debug|x64.Build.0 = Debug|x64
		{585C4CF0-666A-4AE9-87E6-C347F63154C8}.Debug|x86.ActiveCfg = Debug|Win32
		{585C4CF0-666A-4AE9-87E6-C347F63154C8}.Debug|x86.Build.0 = Debug|Win32
		{585C4CF0-666A-4AE9-87E6-C347F63154C8}.DebugDLL|Win32.ActiveCfg = Debug|Win32
		{585C4CF0-666A-4AE9-87E6-C347F63154C8}.DebugDLL|Win32.Build.0 = Debug|Win32
		{585C4CF0-666A-4AE9-87E6-C347F63154C8}.DebugDLL|x64.ActiveCfg = Debug|x64
		{585C4CF0-666A-4AE9-87E6-C347F63154C8}.DebugDLL|x64.Build.0 = Debug|x64
		{585C4CF0-666A-4AE9-87E6-C347F63154C8}.DebugDLL|x86.ActiveCfg = Debug|Win32
		{585C4CF0-666A-4AE9-87E6-C347F63154C8}.DebugDLL|x86.Build.0 = Debug|Win32
		{585C4CF0-666A-4AE9-87E6-C347F63154C8}.DebugLIB|Win32.ActiveCfg = Debug|Win32
		{585C4CF0-666A-4AE9-87E6-C347F63154C8}.DebugLIB|Win32.Build.0 = Debug|Win32
		{585C4CF0-666A-4AE9-87E6-C347F63154C8}.DebugLIB|x64.ActiveCfg = Debug|x64
		{585C4CF0-666A-4AE9-87E6-C347F63154C8}.DebugLIB|x64.Build.0 = Debug|x64
		{585C4CF0-666A-4AE9-87E6-C347F63154C8}.DebugLIB|x86.ActiveCfg = Debug|Win32
		{585C4CF0-666A-4AE9-87E6-C347F63154C8}.DebugLIB|x86.Build.0 = Debug|Win32
		{585C4CF0-666A-4AE9-87E6-C347F63154C8}.DebugLTCG|Win32.ActiveCfg = Debug|Win32
		{585C4CF0-666A-4AE9-87E6-C347F63154C8}.DebugLTCG|Win32.Build.0 = Debug|Win32
		{585C4CF0-666A-4AE9-87E6-C347F63154C8}.DebugLTCG|x64.ActiveCfg = Debug|x64
		{585C4CF0-666A-4AE9-87E6-C347F63154C8}.DebugLTCG|x64.Build.0 = Debug|x64
		{585C4CF0-666A-4AE9-87E6-C347F63154C8}.DebugLTCG|x86.ActiveCfg = Debug|Win32
		{585C4CF0-666A-4AE9-87E6-C347F63154C8}.DebugLTCG|x86.Build.0 = Debug|Win32
		{585C4CF0-666A-4AE9-87E6-C347F63154C8}.main|Win32.ActiveCfg = Release|Win32
		{585C4CF0-666A-4AE9-87E6-C347F63154C8}.main|Win32.Build.0 = Release|Win32
		{585C4CF0-666A-4AE9-87E6-C347F63154C8}.main|x64.ActiveCfg = Release|x64
		{585C4CF0-666A-4AE9-87E6-C347F63154C8}.main|x64.Build.0 = Release|x64
		{585C4CF0-666A-4AE9-87E6-C347F63154C8}.main|x86.ActiveCfg = Release|Win32
		{585C4CF0-666A-4AE9-87E6-C347F63154C8}.main|x86.Build.0 = Release|Win32
		{585C4CF0-666A-4AE9-87E6-C347F63154C8}.Release|Win32.ActiveCfg = Release|Win32
		{585C4CF0-666A-4AE9-87E6-C347F63154C8}.Release|Win32.Build.0 = Release|Win32
		{585C4CF0-666A-4AE9-87E6-C347F63154C8}.Release|x64.ActiveCfg = Release|x64
		{585C4CF0-666A-4AE9-87E6-C347F63154C8}.Release|x64.Build.0 = Release|x64
		{585C4CF0-666A-4AE9-87E6-C347F63154C8}.Release|x86.ActiveCfg = Release|Win32
		{585C4CF0-666A-4AE9-87E6-C347F63154C8}.Release|x86.Build.0 = Release|Win32
		{585C4CF0-666A-4AE9-87E6-C347F63154C8}.ReleaseDLL|Win32.ActiveCfg = Release|Win32
		{585C4CF0-666A-4AE9-87E6-C347F63154C8}.ReleaseDLL|Win32.Build.0 = Release|Win32
		{585C4CF0-666A-4AE9-87E6-C347F63154C8}.ReleaseDLL|x64.ActiveCfg = Release|x64
		{585C4CF0-666A-4AE9-87E6-C347F63154C8}.ReleaseDLL|x64.Build.0 = Release|x64
		{585C4CF0-666A-4AE9-87E6-C347F63154C8}.ReleaseDLL|x86.ActiveCfg = Release|Win32
		{585C4CF0-666A-4AE9-87E6-C347F63154C8}.ReleaseDLL|x86.Build.0 = Release|Win32
		{585C4CF0-666A-4AE9-87E6-C347F63154C8}.ReleaseLIB|Win32.ActiveCfg = Release|Win32
		{585C4CF0-666A-4AE9-87E6-C347F63154C8}.ReleaseLIB|Win32.Build.0 = Release|Win32
		{585C4CF0-666A-4AE9-87E6-C347F63154C8}.ReleaseLIB|x64.ActiveCfg = Release|x64
		{585C4CF0-666A-4AE9-87E6-C347F63154C8}.ReleaseLIB|x64.Build.0 = Release|x64
		{585C4CF0-666A-4AE9-87E6-C347F63154C8}.ReleaseLIB|x86.ActiveCfg = Release|Win32
		{585C4CF0-666A-4AE9-87E6-C347F63154C8}.ReleaseLIB|x86.Build.0 = Release|Win32
		{585C4CF0-666A-4AE9-87E6-C347F63154C8}.ReleaseLTCG|Win32.ActiveCfg = Release|Win32
		{585C4CF0-666A-4AE9-87E6-C347F63154C8}.ReleaseLTCG|Win32.Build.0 = Release|Win32
		{585C4CF0-666A-4AE9-87E6-C347F63154C8}.ReleaseLTCG|x64.ActiveCfg = Release|x64
		{585C4CF0-666A-4AE9-87E6-C347F63154C8}.ReleaseLTCG|x64.Build.0 = Release|x64
		{585C4CF0-666A-4AE9-87E6-C347F63154C8}.ReleaseLTCG|x86.ActiveCfg = Release|Win32
		{585C4CF0-666A-4AE9-87E6-C347F63154C8}.ReleaseLTCG|x86.Build.0 = Release|Win32
		{585C4CF0-666A-4AE9-87E6-C347F63154C8}.WithOpenPGM|Win32.ActiveCfg = Release|Win32
		{585C4CF0-666A-4AE9-87E6-C347F63154C8}.WithOpenPGM|Win32.Build.0 = Release|Win32
		{585C4CF0-666A-4AE9-87E6-C347F63154C8}.WithOpenPGM|x64.ActiveCfg = Release|x64
		{585C4CF0-666A-4AE9-87E6-C347F63154C8}.WithOpenPGM|x64.Build.0 = Release|x64
		{585C4CF0-666A-4AE9-87E6-C347F63154C8}.WithOpenPGM|x86.ActiveCfg = Release|Win32
		{585C4CF0-666A-4AE9-87E6-C347F63154C8}.WithOpenPGM|x86.Build.0 = Release|Win32
	EndGlobalSection
	GlobalSection(SolutionProperties) = preSolution
		HideSolutionNode = FALSE
	EndGlobalSection
EndGlobal
